
Microsoft Visual Studio Solution File, Format Version 11.00
# Visual C# Express 2010
Project("{FAE04EC0-301F-11D3-BF4B-00C04F79EFBC}") = "JADA library wrapper", "wrapper\JADA library wrapper.csproj", "{06B003C8-4FC2-4F39-ACEE-A859D4351A7F}"
EndProject
Project("{FAE04EC0-301F-11D3-BF4B-00C04F79EFBC}") = "JADA winagent program", "winagent\JADA winagent program.csproj", "{D41BE08C-E4D9-4B7D-9823-5DA238306AEB}"
	ProjectSection(ProjectDependencies) = postProject
		{06B003C8-4FC2-4F39-ACEE-A859D4351A7F} = {06B003C8-4FC2-4F39-ACEE-A859D4351A7F}
	EndProjectSection
EndProject
Project("{FAE04EC0-301F-11D3-BF4B-00C04F79EFBC}") = "WebCamCapture", "webcam\WebCamCapture.csproj", "{782C366A-DD3B-4ED3-8A21-71A1F03947ED}"
EndProject
Project("{FAE04EC0-301F-11D3-BF4B-00C04F79EFBC}") = "JADA winagent starter program", "starter.agent\JADA winagent starter program.csproj", "{AABE8104-98E3-4180-BEF5-EC801CEBEEC2}"
EndProject
Project("{FAE04EC0-301F-11D3-BF4B-00C04F79EFBC}") = "JADA winmanager starter program", "starter.manager\JADA winmanager starter program.csproj", "{867A7677-4570-4411-8FCB-6AC56623A4C0}"
EndProject
Project("{FAE04EC0-301F-11D3-BF4B-00C04F79EFBC}") = "JADA winmanager program", "winmanager\JADA winmanager program.csproj", "{6C954C00-8FF2-4AF2-A2BA-2D1E55F8BEA2}"
EndProject
Project("{FAE04EC0-301F-11D3-BF4B-00C04F79EFBC}") = "JADA manifest creator", "make-manifest\JADA manifest creator.csproj", "{83724890-32B1-410F-BECF-F997803E46BE}"
EndProject
Global
	GlobalSection(SolutionConfigurationPlatforms) = preSolution
		Debug|Any CPU = Debug|Any CPU
		Debug|Mixed Platforms = Debug|Mixed Platforms
		Debug|x86 = Debug|x86
		Release|Any CPU = Release|Any CPU
		Release|Mixed Platforms = Release|Mixed Platforms
		Release|x86 = Release|x86
	EndGlobalSection
	GlobalSection(ProjectConfigurationPlatforms) = postSolution
		{06B003C8-4FC2-4F39-ACEE-A859D4351A7F}.Debug|Any CPU.ActiveCfg = Debug|Any CPU
		{06B003C8-4FC2-4F39-ACEE-A859D4351A7F}.Debug|Any CPU.Build.0 = Debug|Any CPU
		{06B003C8-4FC2-4F39-ACEE-A859D4351A7F}.Debug|Mixed Platforms.ActiveCfg = Debug|Any CPU
		{06B003C8-4FC2-4F39-ACEE-A859D4351A7F}.Debug|Mixed Platforms.Build.0 = Debug|Any CPU
		{06B003C8-4FC2-4F39-ACEE-A859D4351A7F}.Debug|x86.ActiveCfg = Debug|Any CPU
		{06B003C8-4FC2-4F39-ACEE-A859D4351A7F}.Release|Any CPU.ActiveCfg = Release|Any CPU
		{06B003C8-4FC2-4F39-ACEE-A859D4351A7F}.Release|Any CPU.Build.0 = Release|Any CPU
		{06B003C8-4FC2-4F39-ACEE-A859D4351A7F}.Release|Mixed Platforms.ActiveCfg = Release|Any CPU
		{06B003C8-4FC2-4F39-ACEE-A859D4351A7F}.Release|Mixed Platforms.Build.0 = Release|Any CPU
		{06B003C8-4FC2-4F39-ACEE-A859D4351A7F}.Release|x86.ActiveCfg = Release|Any CPU
		{D41BE08C-E4D9-4B7D-9823-5DA238306AEB}.Debug|Any CPU.ActiveCfg = Debug|x86
		{D41BE08C-E4D9-4B7D-9823-5DA238306AEB}.Debug|Mixed Platforms.ActiveCfg = Debug|x86
		{D41BE08C-E4D9-4B7D-9823-5DA238306AEB}.Debug|Mixed Platforms.Build.0 = Debug|x86
		{D41BE08C-E4D9-4B7D-9823-5DA238306AEB}.Debug|x86.ActiveCfg = Debug|x86
		{D41BE08C-E4D9-4B7D-9823-5DA238306AEB}.Debug|x86.Build.0 = Debug|x86
		{D41BE08C-E4D9-4B7D-9823-5DA238306AEB}.Release|Any CPU.ActiveCfg = Release|x86
		{D41BE08C-E4D9-4B7D-9823-5DA238306AEB}.Release|Mixed Platforms.ActiveCfg = Release|x86
		{D41BE08C-E4D9-4B7D-9823-5DA238306AEB}.Release|Mixed Platforms.Build.0 = Release|x86
		{D41BE08C-E4D9-4B7D-9823-5DA238306AEB}.Release|x86.ActiveCfg = Release|x86
		{D41BE08C-E4D9-4B7D-9823-5DA238306AEB}.Release|x86.Build.0 = Release|x86
		{782C366A-DD3B-4ED3-8A21-71A1F03947ED}.Debug|Any CPU.ActiveCfg = Debug|Any CPU
		{782C366A-DD3B-4ED3-8A21-71A1F03947ED}.Debug|Any CPU.Build.0 = Debug|Any CPU
		{782C366A-DD3B-4ED3-8A21-71A1F03947ED}.Debug|Mixed Platforms.ActiveCfg = Debug|Any CPU
		{782C366A-DD3B-4ED3-8A21-71A1F03947ED}.Debug|Mixed Platforms.Build.0 = Debug|Any CPU
		{782C366A-DD3B-4ED3-8A21-71A1F03947ED}.Debug|x86.ActiveCfg = Debug|Any CPU
		{782C366A-DD3B-4ED3-8A21-71A1F03947ED}.Release|Any CPU.ActiveCfg = Release|Any CPU
		{782C366A-DD3B-4ED3-8A21-71A1F03947ED}.Release|Any CPU.Build.0 = Release|Any CPU
		{782C366A-DD3B-4ED3-8A21-71A1F03947ED}.Release|Mixed Platforms.ActiveCfg = Release|Any CPU
		{782C366A-DD3B-4ED3-8A21-71A1F03947ED}.Release|Mixed Platforms.Build.0 = Release|Any CPU
		{782C366A-DD3B-4ED3-8A21-71A1F03947ED}.Release|x86.ActiveCfg = Release|Any CPU
		{AABE8104-98E3-4180-BEF5-EC801CEBEEC2}.Debug|Any CPU.ActiveCfg = Debug|x86
		{AABE8104-98E3-4180-BEF5-EC801CEBEEC2}.Debug|Mixed Platforms.ActiveCfg = Debug|x86
		{AABE8104-98E3-4180-BEF5-EC801CEBEEC2}.Debug|Mixed Platforms.Build.0 = Debug|x86
		{AABE8104-98E3-4180-BEF5-EC801CEBEEC2}.Debug|x86.ActiveCfg = Debug|x86
		{AABE8104-98E3-4180-BEF5-EC801CEBEEC2}.Debug|x86.Build.0 = Debug|x86
		{AABE8104-98E3-4180-BEF5-EC801CEBEEC2}.Release|Any CPU.ActiveCfg = Release|x86
		{AABE8104-98E3-4180-BEF5-EC801CEBEEC2}.Release|Mixed Platforms.ActiveCfg = Release|x86
		{AABE8104-98E3-4180-BEF5-EC801CEBEEC2}.Release|Mixed Platforms.Build.0 = Release|x86
		{AABE8104-98E3-4180-BEF5-EC801CEBEEC2}.Release|x86.ActiveCfg = Release|x86
		{AABE8104-98E3-4180-BEF5-EC801CEBEEC2}.Release|x86.Build.0 = Release|x86
		{867A7677-4570-4411-8FCB-6AC56623A4C0}.Debug|Any CPU.ActiveCfg = Debug|x86
		{867A7677-4570-4411-8FCB-6AC56623A4C0}.Debug|Mixed Platforms.ActiveCfg = Debug|x86
		{867A7677-4570-4411-8FCB-6AC56623A4C0}.Debug|Mixed Platforms.Build.0 = Debug|x86
		{867A7677-4570-4411-8FCB-6AC56623A4C0}.Debug|x86.ActiveCfg = Debug|x86
		{867A7677-4570-4411-8FCB-6AC56623A4C0}.Debug|x86.Build.0 = Debug|x86
		{867A7677-4570-4411-8FCB-6AC56623A4C0}.Release|Any CPU.ActiveCfg = Release|x86
		{867A7677-4570-4411-8FCB-6AC56623A4C0}.Release|Mixed Platforms.ActiveCfg = Release|x86
		{867A7677-4570-4411-8FCB-6AC56623A4C0}.Release|Mixed Platforms.Build.0 = Release|x86
		{867A7677-4570-4411-8FCB-6AC56623A4C0}.Release|x86.ActiveCfg = Release|x86
		{867A7677-4570-4411-8FCB-6AC56623A4C0}.Release|x86.Build.0 = Release|x86
		{6C954C00-8FF2-4AF2-A2BA-2D1E55F8BEA2}.Debug|Any CPU.ActiveCfg = Debug|x86
		{6C954C00-8FF2-4AF2-A2BA-2D1E55F8BEA2}.Debug|Mixed Platforms.ActiveCfg = Debug|x86
		{6C954C00-8FF2-4AF2-A2BA-2D1E55F8BEA2}.Debug|Mixed Platforms.Build.0 = Debug|x86
		{6C954C00-8FF2-4AF2-A2BA-2D1E55F8BEA2}.Debug|x86.ActiveCfg = Debug|x86
		{6C954C00-8FF2-4AF2-A2BA-2D1E55F8BEA2}.Debug|x86.Build.0 = Debug|x86
		{6C954C00-8FF2-4AF2-A2BA-2D1E55F8BEA2}.Release|Any CPU.ActiveCfg = Release|x86
		{6C954C00-8FF2-4AF2-A2BA-2D1E55F8BEA2}.Release|Mixed Platforms.ActiveCfg = Release|x86
		{6C954C00-8FF2-4AF2-A2BA-2D1E55F8BEA2}.Release|Mixed Platforms.Build.0 = Release|x86
		{6C954C00-8FF2-4AF2-A2BA-2D1E55F8BEA2}.Release|x86.ActiveCfg = Release|x86
		{6C954C00-8FF2-4AF2-A2BA-2D1E55F8BEA2}.Release|x86.Build.0 = Release|x86
		{83724890-32B1-410F-BECF-F997803E46BE}.Debug|Any CPU.ActiveCfg = Debug|x86
		{83724890-32B1-410F-BECF-F997803E46BE}.Debug|Mixed Platforms.ActiveCfg = Debug|x86
		{83724890-32B1-410F-BECF-F997803E46BE}.Debug|Mixed Platforms.Build.0 = Debug|x86
		{83724890-32B1-410F-BECF-F997803E46BE}.Debug|x86.ActiveCfg = Debug|x86
		{83724890-32B1-410F-BECF-F997803E46BE}.Debug|x86.Build.0 = Debug|x86
		{83724890-32B1-410F-BECF-F997803E46BE}.Release|Any CPU.ActiveCfg = Release|x86
		{83724890-32B1-410F-BECF-F997803E46BE}.Release|Mixed Platforms.ActiveCfg = Release|x86
		{83724890-32B1-410F-BECF-F997803E46BE}.Release|Mixed Platforms.Build.0 = Release|x86
		{83724890-32B1-410F-BECF-F997803E46BE}.Release|x86.ActiveCfg = Release|x86
		{83724890-32B1-410F-BECF-F997803E46BE}.Release|x86.Build.0 = Release|x86
	EndGlobalSection
	GlobalSection(SolutionProperties) = preSolution
		HideSolutionNode = FALSE
	EndGlobalSection
EndGlobal
