
Microsoft Visual Studio Solution File, Format Version 11.00
# Visual C++ Express 2010
Project("{8BC9CEB8-8B4A-11D0-8D11-00A0C91BC942}") = "JADA library", "jadalib\jadalib.vcxproj", "{BE8A9C0D-A594-439F-969D-846C92FEF53D}"
EndProject
Project("{8BC9CEB8-8B4A-11D0-8D11-00A0C91BC942}") = "JADA patch-starter program", "patch-exec\patch-exec.vcxproj", "{9D0039B5-39D9-4C35-A025-4249E9F7FC60}"
	ProjectSection(ProjectDependencies) = postProject
		{BE8A9C0D-A594-439F-969D-846C92FEF53D} = {BE8A9C0D-A594-439F-969D-846C92FEF53D}
	EndProjectSection
EndProject
Project("{8BC9CEB8-8B4A-11D0-8D11-00A0C91BC942}") = "JADA server program", "server\server.vcxproj", "{093E2D61-79AC-44DB-96D4-A0AEE13011CF}"
	ProjectSection(ProjectDependencies) = postProject
		{BE8A9C0D-A594-439F-969D-846C92FEF53D} = {BE8A9C0D-A594-439F-969D-846C92FEF53D}
		{9D0039B5-39D9-4C35-A025-4249E9F7FC60} = {9D0039B5-39D9-4C35-A025-4249E9F7FC60}
	EndProjectSection
EndProject
Global
	GlobalSection(SolutionConfigurationPlatforms) = preSolution
		Debug|Win32 = Debug|Win32
		Release|Win32 = Release|Win32
	EndGlobalSection
	GlobalSection(ProjectConfigurationPlatforms) = postSolution
		{BE8A9C0D-A594-439F-969D-846C92FEF53D}.Debug|Win32.ActiveCfg = Debug|Win32
		{BE8A9C0D-A594-439F-969D-846C92FEF53D}.Debug|Win32.Build.0 = Debug|Win32
		{BE8A9C0D-A594-439F-969D-846C92FEF53D}.Release|Win32.ActiveCfg = Release|Win32
		{BE8A9C0D-A594-439F-969D-846C92FEF53D}.Release|Win32.Build.0 = Release|Win32
		{9D0039B5-39D9-4C35-A025-4249E9F7FC60}.Debug|Win32.ActiveCfg = Debug|Win32
		{9D0039B5-39D9-4C35-A025-4249E9F7FC60}.Debug|Win32.Build.0 = Debug|Win32
		{9D0039B5-39D9-4C35-A025-4249E9F7FC60}.Release|Win32.ActiveCfg = Release|Win32
		{9D0039B5-39D9-4C35-A025-4249E9F7FC60}.Release|Win32.Build.0 = Release|Win32
		{093E2D61-79AC-44DB-96D4-A0AEE13011CF}.Debug|Win32.ActiveCfg = Debug|Win32
		{093E2D61-79AC-44DB-96D4-A0AEE13011CF}.Debug|Win32.Build.0 = Debug|Win32
		{093E2D61-79AC-44DB-96D4-A0AEE13011CF}.Release|Win32.ActiveCfg = Release|Win32
		{093E2D61-79AC-44DB-96D4-A0AEE13011CF}.Release|Win32.Build.0 = Release|Win32
	EndGlobalSection
	GlobalSection(SolutionProperties) = preSolution
		HideSolutionNode = FALSE
	EndGlobalSection
EndGlobal
